
Microsoft Visual Studio Solution File, Format Version 12.00
# Visual Studio 15
VisualStudioVersion = 15.0.27703.2042
MinimumVisualStudioVersion = 10.0.40219.1
Project("{FAE04EC0-301F-11D3-BF4B-00C04F79EFBC}") = "RedBlackTree", "RedBlackTree\RedBlackTree.csproj", "{DA1E10FF-B0D0-41F7-92A5-70843F721C0B}"
EndProject
Global
	GlobalSection(SolutionConfigurationPlatforms) = preSolution
		Debug|Any CPU = Debug|Any CPU
		Release|Any CPU = Release|Any CPU
	EndGlobalSection
	GlobalSection(ProjectConfigurationPlatforms) = postSolution
		{DA1E10FF-B0D0-41F7-92A5-70843F721C0B}.Debug|Any CPU.ActiveCfg = Debug|Any CPU
		{DA1E10FF-B0D0-41F7-92A5-70843F721C0B}.Debug|Any CPU.Build.0 = Debug|Any CPU
		{DA1E10FF-B0D0-41F7-92A5-70843F721C0B}.Release|Any CPU.ActiveCfg = Release|Any CPU
		{DA1E10FF-B0D0-41F7-92A5-70843F721C0B}.Release|Any CPU.Build.0 = Release|Any CPU
	EndGlobalSection
	GlobalSection(SolutionProperties) = preSolution
		HideSolutionNode = FALSE
	EndGlobalSection
	GlobalSection(ExtensibilityGlobals) = postSolution
		SolutionGuid = {0F876B99-FD10-41DE-8907-EE51AB62C3AA}
	EndGlobalSection
EndGlobal
